// !$*UTF8*$!
{
	archiveVersion = 1;
	classes = {
	};
	objectVersion = 46;
	objects = {

/* Begin PBXBuildFile section */
		5E0386A01CBB7CB00087D7AC /* MDModeStrategy.m in Sources */ = {isa = PBXBuildFile; fileRef = 5E03869F1CBB7CB00087D7AC /* MDModeStrategy.m */; };
		5E0386A31CBB82020087D7AC /* MDInteractiveStrategy.m in Sources */ = {isa = PBXBuildFile; fileRef = 5E0386A21CBB82020087D7AC /* MDInteractiveStrategy.m */; };
		5E0386A61CBBF9CA0087D7AC /* Player.storyboard in Resources */ = {isa = PBXBuildFile; fileRef = 5E0386A51CBBF9CA0087D7AC /* Player.storyboard */; };
		5E0386A91CBBFA1C0087D7AC /* PlayerViewController.m in Sources */ = {isa = PBXBuildFile; fileRef = 5E0386A81CBBFA1C0087D7AC /* PlayerViewController.m */; };
		5E0A0BB71CA8146E005F08CC /* main.m in Sources */ = {isa = PBXBuildFile; fileRef = 5E0A0BB61CA8146E005F08CC /* main.m */; };
		5E0A0BBA1CA8146E005F08CC /* AppDelegate.m in Sources */ = {isa = PBXBuildFile; fileRef = 5E0A0BB91CA8146E005F08CC /* AppDelegate.m */; };
		5E0A0BBD1CA8146E005F08CC /* ViewController.m in Sources */ = {isa = PBXBuildFile; fileRef = 5E0A0BBC1CA8146E005F08CC /* ViewController.m */; };
		5E0A0BC01CA8146E005F08CC /* Main.storyboard in Resources */ = {isa = PBXBuildFile; fileRef = 5E0A0BBE1CA8146E005F08CC /* Main.storyboard */; };
		5E0A0BC21CA8146E005F08CC /* Assets.xcassets in Resources */ = {isa = PBXBuildFile; fileRef = 5E0A0BC11CA8146E005F08CC /* Assets.xcassets */; };
		5E0A0BC51CA8146E005F08CC /* LaunchScreen.storyboard in Resources */ = {isa = PBXBuildFile; fileRef = 5E0A0BC31CA8146E005F08CC /* LaunchScreen.storyboard */; };
		5EE78DBA1CB4D6E000A7A67D /* skyrim360.mp4 in Resources */ = {isa = PBXBuildFile; fileRef = 5EE78DB91CB4D6E000A7A67D /* skyrim360.mp4 */; };
		5EE78DBC1CB4DCCC00A7A67D /* sphere.obj in Resources */ = {isa = PBXBuildFile; fileRef = 5EE78DBB1CB4DCCC00A7A67D /* sphere.obj */; };
		5EE78DBF1CB4E04800A7A67D /* GLUtil.m in Sources */ = {isa = PBXBuildFile; fileRef = 5EE78DBE1CB4E04800A7A67D /* GLUtil.m */; };
		5EE78DC21CB4F2D400A7A67D /* MDAbsObject3D.m in Sources */ = {isa = PBXBuildFile; fileRef = 5EE78DC11CB4F2D400A7A67D /* MDAbsObject3D.m */; };
		5EE78DC81CB5033200A7A67D /* MD360Program.m in Sources */ = {isa = PBXBuildFile; fileRef = 5EE78DC71CB5033200A7A67D /* MD360Program.m */; };
		5EE78DCF1CB5098900A7A67D /* per_pixel_fragment_shader_bitmap.glsl in Resources */ = {isa = PBXBuildFile; fileRef = 5EE78DCB1CB5098900A7A67D /* per_pixel_fragment_shader_bitmap.glsl */; };
		5EE78DD01CB5098900A7A67D /* per_pixel_fragment_shader.glsl in Resources */ = {isa = PBXBuildFile; fileRef = 5EE78DCC1CB5098900A7A67D /* per_pixel_fragment_shader.glsl */; };
		5EE78DD11CB5098900A7A67D /* per_pixel_vertex_shader.glsl in Resources */ = {isa = PBXBuildFile; fileRef = 5EE78DCD1CB5098900A7A67D /* per_pixel_vertex_shader.glsl */; };
		5EE78DD21CB5098900A7A67D /* dome.obj in Resources */ = {isa = PBXBuildFile; fileRef = 5EE78DCE1CB5098900A7A67D /* dome.obj */; };
		5EE78DD81CB6743600A7A67D /* MD360Renderer.m in Sources */ = {isa = PBXBuildFile; fileRef = 5EE78DD71CB6743600A7A67D /* MD360Renderer.m */; };
		5EE78DDB1CB67C4000A7A67D /* MD360Texture.m in Sources */ = {isa = PBXBuildFile; fileRef = 5EE78DDA1CB67C4000A7A67D /* MD360Texture.m */; };
		5EE78DDE1CB67E6800A7A67D /* MD360Director.m in Sources */ = {isa = PBXBuildFile; fileRef = 5EE78DDD1CB67E6800A7A67D /* MD360Director.m */; };
		5EE78DE11CB6846A00A7A67D /* MDVRLibrary.m in Sources */ = {isa = PBXBuildFile; fileRef = 5EE78DE01CB6846A00A7A67D /* MDVRLibrary.m */; };
		5EE78DE31CB6C89900A7A67D /* bitmap360.png in Resources */ = {isa = PBXBuildFile; fileRef = 5EE78DE21CB6C89900A7A67D /* bitmap360.png */; };
		5EE78DE61CB743D000A7A67D /* MDGLKViewController.m in Sources */ = {isa = PBXBuildFile; fileRef = 5EE78DE51CB743D000A7A67D /* MDGLKViewController.m */; };
		5EE78E4A1CB93DE100A7A67D /* MDVideoDataAdatperAVPlayerImpl.m in Sources */ = {isa = PBXBuildFile; fileRef = 5EE78E491CB93DE100A7A67D /* MDVideoDataAdatperAVPlayerImpl.m */; };
		E4443E11A4503DC6F5BCD88E /* libPods-MD360Player4IOS.a in Frameworks */ = {isa = PBXBuildFile; fileRef = BD55D4C31724984AD3661C31 /* libPods-MD360Player4IOS.a */; };
/* End PBXBuildFile section */

/* Begin PBXFileReference section */
		5E03869E1CBB7CB00087D7AC /* MDModeStrategy.h */ = {isa = PBXFileReference; fileEncoding = 4; lastKnownFileType = sourcecode.c.h; path = MDModeStrategy.h; sourceTree = "<group>"; };
		5E03869F1CBB7CB00087D7AC /* MDModeStrategy.m */ = {isa = PBXFileReference; fileEncoding = 4; lastKnownFileType = sourcecode.c.objc; path = MDModeStrategy.m; sourceTree = "<group>"; };
		5E0386A11CBB82020087D7AC /* MDInteractiveStrategy.h */ = {isa = PBXFileReference; fileEncoding = 4; lastKnownFileType = sourcecode.c.h; path = MDInteractiveStrategy.h; sourceTree = "<group>"; };
		5E0386A21CBB82020087D7AC /* MDInteractiveStrategy.m */ = {isa = PBXFileReference; fileEncoding = 4; lastKnownFileType = sourcecode.c.objc; path = MDInteractiveStrategy.m; sourceTree = "<group>"; };
		5E0386A51CBBF9CA0087D7AC /* Player.storyboard */ = {isa = PBXFileReference; fileEncoding = 4; lastKnownFileType = file.storyboard; path = Player.storyboard; sourceTree = "<group>"; };
		5E0386A71CBBFA1C0087D7AC /* PlayerViewController.h */ = {isa = PBXFileReference; fileEncoding = 4; lastKnownFileType = sourcecode.c.h; path = PlayerViewController.h; sourceTree = "<group>"; };
		5E0386A81CBBFA1C0087D7AC /* PlayerViewController.m */ = {isa = PBXFileReference; fileEncoding = 4; lastKnownFileType = sourcecode.c.objc; path = PlayerViewController.m; sourceTree = "<group>"; };
		5E0A0BB21CA8146E005F08CC /* MD360Player4IOS.app */ = {isa = PBXFileReference; explicitFileType = wrapper.application; includeInIndex = 0; path = MD360Player4IOS.app; sourceTree = BUILT_PRODUCTS_DIR; };
		5E0A0BB61CA8146E005F08CC /* main.m */ = {isa = PBXFileReference; lastKnownFileType = sourcecode.c.objc; path = main.m; sourceTree = "<group>"; };
		5E0A0BB81CA8146E005F08CC /* AppDelegate.h */ = {isa = PBXFileReference; lastKnownFileType = sourcecode.c.h; path = AppDelegate.h; sourceTree = "<group>"; };
		5E0A0BB91CA8146E005F08CC /* AppDelegate.m */ = {isa = PBXFileReference; lastKnownFileType = sourcecode.c.objc; path = AppDelegate.m; sourceTree = "<group>"; };
		5E0A0BBB1CA8146E005F08CC /* ViewController.h */ = {isa = PBXFileReference; lastKnownFileType = sourcecode.c.h; path = ViewController.h; sourceTree = "<group>"; };
		5E0A0BBC1CA8146E005F08CC /* ViewController.m */ = {isa = PBXFileReference; lastKnownFileType = sourcecode.c.objc; path = ViewController.m; sourceTree = "<group>"; };
		5E0A0BBF1CA8146E005F08CC /* Base */ = {isa = PBXFileReference; lastKnownFileType = file.storyboard; name = Base; path = Base.lproj/Main.storyboard; sourceTree = "<group>"; };
		5E0A0BC11CA8146E005F08CC /* Assets.xcassets */ = {isa = PBXFileReference; lastKnownFileType = folder.assetcatalog; path = Assets.xcassets; sourceTree = "<group>"; };
		5E0A0BC41CA8146E005F08CC /* Base */ = {isa = PBXFileReference; lastKnownFileType = file.storyboard; name = Base; path = Base.lproj/LaunchScreen.storyboard; sourceTree = "<group>"; };
		5E0A0BC61CA8146E005F08CC /* Info.plist */ = {isa = PBXFileReference; lastKnownFileType = text.plist.xml; path = Info.plist; sourceTree = "<group>"; };
		5EE78DB91CB4D6E000A7A67D /* skyrim360.mp4 */ = {isa = PBXFileReference; lastKnownFileType = file; path = skyrim360.mp4; sourceTree = "<group>"; };
		5EE78DBB1CB4DCCC00A7A67D /* sphere.obj */ = {isa = PBXFileReference; fileEncoding = 4; lastKnownFileType = text; path = sphere.obj; sourceTree = "<group>"; };
		5EE78DBD1CB4E04800A7A67D /* GLUtil.h */ = {isa = PBXFileReference; fileEncoding = 4; lastKnownFileType = sourcecode.c.h; path = GLUtil.h; sourceTree = "<group>"; };
		5EE78DBE1CB4E04800A7A67D /* GLUtil.m */ = {isa = PBXFileReference; fileEncoding = 4; lastKnownFileType = sourcecode.c.objc; path = GLUtil.m; sourceTree = "<group>"; };
		5EE78DC01CB4F2D400A7A67D /* MDAbsObject3D.h */ = {isa = PBXFileReference; fileEncoding = 4; lastKnownFileType = sourcecode.c.h; path = MDAbsObject3D.h; sourceTree = "<group>"; };
		5EE78DC11CB4F2D400A7A67D /* MDAbsObject3D.m */ = {isa = PBXFileReference; fileEncoding = 4; lastKnownFileType = sourcecode.c.objc; path = MDAbsObject3D.m; sourceTree = "<group>"; };
		5EE78DC61CB5033200A7A67D /* MD360Program.h */ = {isa = PBXFileReference; fileEncoding = 4; lastKnownFileType = sourcecode.c.h; path = MD360Program.h; sourceTree = "<group>"; };
		5EE78DC71CB5033200A7A67D /* MD360Program.m */ = {isa = PBXFileReference; fileEncoding = 4; lastKnownFileType = sourcecode.c.objc; path = MD360Program.m; sourceTree = "<group>"; };
		5EE78DCB1CB5098900A7A67D /* per_pixel_fragment_shader_bitmap.glsl */ = {isa = PBXFileReference; fileEncoding = 4; lastKnownFileType = text; path = per_pixel_fragment_shader_bitmap.glsl; sourceTree = "<group>"; };
		5EE78DCC1CB5098900A7A67D /* per_pixel_fragment_shader.glsl */ = {isa = PBXFileReference; fileEncoding = 4; lastKnownFileType = text; path = per_pixel_fragment_shader.glsl; sourceTree = "<group>"; };
		5EE78DCD1CB5098900A7A67D /* per_pixel_vertex_shader.glsl */ = {isa = PBXFileReference; fileEncoding = 4; lastKnownFileType = text; path = per_pixel_vertex_shader.glsl; sourceTree = "<group>"; };
		5EE78DCE1CB5098900A7A67D /* dome.obj */ = {isa = PBXFileReference; fileEncoding = 4; lastKnownFileType = text; path = dome.obj; sourceTree = "<group>"; };
		5EE78DD61CB6743600A7A67D /* MD360Renderer.h */ = {isa = PBXFileReference; fileEncoding = 4; lastKnownFileType = sourcecode.c.h; path = MD360Renderer.h; sourceTree = "<group>"; };
		5EE78DD71CB6743600A7A67D /* MD360Renderer.m */ = {isa = PBXFileReference; fileEncoding = 4; lastKnownFileType = sourcecode.c.objc; path = MD360Renderer.m; sourceTree = "<group>"; };
		5EE78DD91CB67C4000A7A67D /* MD360Texture.h */ = {isa = PBXFileReference; fileEncoding = 4; lastKnownFileType = sourcecode.c.h; path = MD360Texture.h; sourceTree = "<group>"; };
		5EE78DDA1CB67C4000A7A67D /* MD360Texture.m */ = {isa = PBXFileReference; fileEncoding = 4; lastKnownFileType = sourcecode.c.objc; path = MD360Texture.m; sourceTree = "<group>"; };
		5EE78DDC1CB67E6800A7A67D /* MD360Director.h */ = {isa = PBXFileReference; fileEncoding = 4; lastKnownFileType = sourcecode.c.h; path = MD360Director.h; sourceTree = "<group>"; };
		5EE78DDD1CB67E6800A7A67D /* MD360Director.m */ = {isa = PBXFileReference; fileEncoding = 4; lastKnownFileType = sourcecode.c.objc; path = MD360Director.m; sourceTree = "<group>"; };
		5EE78DDF1CB6846A00A7A67D /* MDVRLibrary.h */ = {isa = PBXFileReference; fileEncoding = 4; lastKnownFileType = sourcecode.c.h; path = MDVRLibrary.h; sourceTree = "<group>"; };
		5EE78DE01CB6846A00A7A67D /* MDVRLibrary.m */ = {isa = PBXFileReference; fileEncoding = 4; lastKnownFileType = sourcecode.c.objc; path = MDVRLibrary.m; sourceTree = "<group>"; };
		5EE78DE21CB6C89900A7A67D /* bitmap360.png */ = {isa = PBXFileReference; lastKnownFileType = image.png; path = bitmap360.png; sourceTree = "<group>"; };
		5EE78DE41CB743D000A7A67D /* MDGLKViewController.h */ = {isa = PBXFileReference; fileEncoding = 4; lastKnownFileType = sourcecode.c.h; path = MDGLKViewController.h; sourceTree = "<group>"; };
		5EE78DE51CB743D000A7A67D /* MDGLKViewController.m */ = {isa = PBXFileReference; fileEncoding = 4; lastKnownFileType = sourcecode.c.objc; path = MDGLKViewController.m; sourceTree = "<group>"; };
		5EE78E441CB8EE6A00A7A67D /* MDGLRendererDelegate.h */ = {isa = PBXFileReference; lastKnownFileType = sourcecode.c.h; path = MDGLRendererDelegate.h; sourceTree = "<group>"; };
		5EE78E451CB93BFF00A7A67D /* MDVideoDataAdapter.h */ = {isa = PBXFileReference; fileEncoding = 4; lastKnownFileType = sourcecode.c.h; path = MDVideoDataAdapter.h; sourceTree = "<group>"; };
		5EE78E481CB93DE100A7A67D /* MDVideoDataAdatperAVPlayerImpl.h */ = {isa = PBXFileReference; fileEncoding = 4; lastKnownFileType = sourcecode.c.h; path = MDVideoDataAdatperAVPlayerImpl.h; sourceTree = "<group>"; };
		5EE78E491CB93DE100A7A67D /* MDVideoDataAdatperAVPlayerImpl.m */ = {isa = PBXFileReference; fileEncoding = 4; lastKnownFileType = sourcecode.c.objc; path = MDVideoDataAdatperAVPlayerImpl.m; sourceTree = "<group>"; };
		AE00CDC48AFE2C62A5056CF1 /* Pods-MD360Player4IOS.debug.xcconfig */ = {isa = PBXFileReference; includeInIndex = 1; lastKnownFileType = text.xcconfig; name = "Pods-MD360Player4IOS.debug.xcconfig"; path = "Pods/Target Support Files/Pods-MD360Player4IOS/Pods-MD360Player4IOS.debug.xcconfig"; sourceTree = "<group>"; };
		BD55D4C31724984AD3661C31 /* libPods-MD360Player4IOS.a */ = {isa = PBXFileReference; explicitFileType = archive.ar; includeInIndex = 0; path = "libPods-MD360Player4IOS.a"; sourceTree = BUILT_PRODUCTS_DIR; };
		D96329166DC1E78C93C8DEB0 /* Pods-MD360Player4IOS.release.xcconfig */ = {isa = PBXFileReference; includeInIndex = 1; lastKnownFileType = text.xcconfig; name = "Pods-MD360Player4IOS.release.xcconfig"; path = "Pods/Target Support Files/Pods-MD360Player4IOS/Pods-MD360Player4IOS.release.xcconfig"; sourceTree = "<group>"; };
/* End PBXFileReference section */

/* Begin PBXFrameworksBuildPhase section */
		5E0A0BAF1CA8146E005F08CC /* Frameworks */ = {
			isa = PBXFrameworksBuildPhase;
			buildActionMask = 2147483647;
			files = (
				E4443E11A4503DC6F5BCD88E /* libPods-MD360Player4IOS.a in Frameworks */,
			);
			runOnlyForDeploymentPostprocessing = 0;
		};
/* End PBXFrameworksBuildPhase section */

/* Begin PBXGroup section */
		5E0386A41CBB82160087D7AC /* strategy */ = {
			isa = PBXGroup;
			children = (
				5E03869E1CBB7CB00087D7AC /* MDModeStrategy.h */,
				5E03869F1CBB7CB00087D7AC /* MDModeStrategy.m */,
				5E0386A11CBB82020087D7AC /* MDInteractiveStrategy.h */,
				5E0386A21CBB82020087D7AC /* MDInteractiveStrategy.m */,
			);
			name = strategy;
			sourceTree = "<group>";
		};
		5E0A0BA91CA8146E005F08CC = {
			isa = PBXGroup;
			children = (
				5E0A0BB41CA8146E005F08CC /* MD360Player4IOS */,
				5E0A0BB31CA8146E005F08CC /* Products */,
				8C10632EE0FEA093652B9F3F /* Pods */,
				F2AB41219E6D4AB25EA78266 /* Frameworks */,
			);
			sourceTree = "<group>";
		};
		5E0A0BB31CA8146E005F08CC /* Products */ = {
			isa = PBXGroup;
			children = (
				5E0A0BB21CA8146E005F08CC /* MD360Player4IOS.app */,
			);
			name = Products;
			sourceTree = "<group>";
		};
		5E0A0BB41CA8146E005F08CC /* MD360Player4IOS */ = {
			isa = PBXGroup;
			children = (
				5EE78DC91CB503A000A7A67D /* vrlib */,
				5EE78DB91CB4D6E000A7A67D /* skyrim360.mp4 */,
				5EE78DE21CB6C89900A7A67D /* bitmap360.png */,
				5E0A0BB81CA8146E005F08CC /* AppDelegate.h */,
				5E0A0BB91CA8146E005F08CC /* AppDelegate.m */,
				5E0A0BBB1CA8146E005F08CC /* ViewController.h */,
				5E0A0BBC1CA8146E005F08CC /* ViewController.m */,
				5E0A0BBE1CA8146E005F08CC /* Main.storyboard */,
				5E0A0BC11CA8146E005F08CC /* Assets.xcassets */,
				5E0A0BC31CA8146E005F08CC /* LaunchScreen.storyboard */,
				5E0A0BC61CA8146E005F08CC /* Info.plist */,
				5E0A0BB51CA8146E005F08CC /* Supporting Files */,
				5E0386A51CBBF9CA0087D7AC /* Player.storyboard */,
				5E0386A71CBBFA1C0087D7AC /* PlayerViewController.h */,
				5E0386A81CBBFA1C0087D7AC /* PlayerViewController.m */,
			);
			path = MD360Player4IOS;
			sourceTree = "<group>";
		};
		5E0A0BB51CA8146E005F08CC /* Supporting Files */ = {
			isa = PBXGroup;
			children = (
				5E0A0BB61CA8146E005F08CC /* main.m */,
			);
			name = "Supporting Files";
			sourceTree = "<group>";
		};
		5EE78DC91CB503A000A7A67D /* vrlib */ = {
			isa = PBXGroup;
			children = (
				5E0386A41CBB82160087D7AC /* strategy */,
				5EE78DCA1CB5095200A7A67D /* raw */,
				5EE78DBD1CB4E04800A7A67D /* GLUtil.h */,
				5EE78DBE1CB4E04800A7A67D /* GLUtil.m */,
				5EE78DC01CB4F2D400A7A67D /* MDAbsObject3D.h */,
				5EE78DC11CB4F2D400A7A67D /* MDAbsObject3D.m */,
				5EE78DC61CB5033200A7A67D /* MD360Program.h */,
				5EE78DC71CB5033200A7A67D /* MD360Program.m */,
				5EE78DD61CB6743600A7A67D /* MD360Renderer.h */,
				5EE78DD71CB6743600A7A67D /* MD360Renderer.m */,
				5EE78DD91CB67C4000A7A67D /* MD360Texture.h */,
				5EE78DDA1CB67C4000A7A67D /* MD360Texture.m */,
				5EE78DDC1CB67E6800A7A67D /* MD360Director.h */,
				5EE78DDD1CB67E6800A7A67D /* MD360Director.m */,
				5EE78DDF1CB6846A00A7A67D /* MDVRLibrary.h */,
				5EE78DE01CB6846A00A7A67D /* MDVRLibrary.m */,
				5EE78DE41CB743D000A7A67D /* MDGLKViewController.h */,
				5EE78DE51CB743D000A7A67D /* MDGLKViewController.m */,
				5EE78E441CB8EE6A00A7A67D /* MDGLRendererDelegate.h */,
				5EE78E451CB93BFF00A7A67D /* MDVideoDataAdapter.h */,
				5EE78E481CB93DE100A7A67D /* MDVideoDataAdatperAVPlayerImpl.h */,
				5EE78E491CB93DE100A7A67D /* MDVideoDataAdatperAVPlayerImpl.m */,
			);
			name = vrlib;
			sourceTree = "<group>";
		};
		5EE78DCA1CB5095200A7A67D /* raw */ = {
			isa = PBXGroup;
			children = (
				5EE78DCB1CB5098900A7A67D /* per_pixel_fragment_shader_bitmap.glsl */,
				5EE78DCC1CB5098900A7A67D /* per_pixel_fragment_shader.glsl */,
				5EE78DCD1CB5098900A7A67D /* per_pixel_vertex_shader.glsl */,
				5EE78DCE1CB5098900A7A67D /* dome.obj */,
				5EE78DBB1CB4DCCC00A7A67D /* sphere.obj */,
			);
			name = raw;
			sourceTree = "<group>";
		};
		8C10632EE0FEA093652B9F3F /* Pods */ = {
			isa = PBXGroup;
			children = (
				AE00CDC48AFE2C62A5056CF1 /* Pods-MD360Player4IOS.debug.xcconfig */,
				D96329166DC1E78C93C8DEB0 /* Pods-MD360Player4IOS.release.xcconfig */,
			);
			name = Pods;
			sourceTree = "<group>";
		};
		F2AB41219E6D4AB25EA78266 /* Frameworks */ = {
			isa = PBXGroup;
			children = (
				BD55D4C31724984AD3661C31 /* libPods-MD360Player4IOS.a */,
			);
			name = Frameworks;
			sourceTree = "<group>";
		};
/* End PBXGroup section */

/* Begin PBXNativeTarget section */
		5E0A0BB11CA8146E005F08CC /* MD360Player4IOS */ = {
			isa = PBXNativeTarget;
			buildConfigurationList = 5E0A0BC91CA8146E005F08CC /* Build configuration list for PBXNativeTarget "MD360Player4IOS" */;
			buildPhases = (
				4591FE47D19109C7C15A62E7 /* Check Pods Manifest.lock */,
				5E0A0BAE1CA8146E005F08CC /* Sources */,
				5E0A0BAF1CA8146E005F08CC /* Frameworks */,
				5E0A0BB01CA8146E005F08CC /* Resources */,
				B78217EBB2C534C7E492F4FB /* Embed Pods Frameworks */,
				56844440E1E1E8719EEDD840 /* Copy Pods Resources */,
			);
			buildRules = (
			);
			dependencies = (
			);
			name = MD360Player4IOS;
			productName = MD360Player4IOS;
			productReference = 5E0A0BB21CA8146E005F08CC /* MD360Player4IOS.app */;
			productType = "com.apple.product-type.application";
		};
/* End PBXNativeTarget section */

/* Begin PBXProject section */
		5E0A0BAA1CA8146E005F08CC /* Project object */ = {
			isa = PBXProject;
			attributes = {
				LastUpgradeCheck = 0720;
				ORGANIZATIONNAME = ashqal;
				TargetAttributes = {
					5E0A0BB11CA8146E005F08CC = {
						CreatedOnToolsVersion = 7.2.1;
					};
				};
			};
			buildConfigurationList = 5E0A0BAD1CA8146E005F08CC /* Build configuration list for PBXProject "MD360Player4IOS" */;
			compatibilityVersion = "Xcode 3.2";
			developmentRegion = English;
			hasScannedForEncodings = 0;
			knownRegions = (
				en,
				Base,
			);
			mainGroup = 5E0A0BA91CA8146E005F08CC;
			productRefGroup = 5E0A0BB31CA8146E005F08CC /* Products */;
			projectDirPath = "";
			projectRoot = "";
			targets = (
				5E0A0BB11CA8146E005F08CC /* MD360Player4IOS */,
			);
		};
/* End PBXProject section */

/* Begin PBXResourcesBuildPhase section */
		5E0A0BB01CA8146E005F08CC /* Resources */ = {
			isa = PBXResourcesBuildPhase;
			buildActionMask = 2147483647;
			files = (
				5EE78DCF1CB5098900A7A67D /* per_pixel_fragment_shader_bitmap.glsl in Resources */,
				5EE78DBA1CB4D6E000A7A67D /* skyrim360.mp4 in Resources */,
				5E0A0BC51CA8146E005F08CC /* LaunchScreen.storyboard in Resources */,
				5E0A0BC21CA8146E005F08CC /* Assets.xcassets in Resources */,
				5EE78DE31CB6C89900A7A67D /* bitmap360.png in Resources */,
				5E0A0BC01CA8146E005F08CC /* Main.storyboard in Resources */,
				5EE78DD01CB5098900A7A67D /* per_pixel_fragment_shader.glsl in Resources */,
				5E0386A61CBBF9CA0087D7AC /* Player.storyboard in Resources */,
				5EE78DD21CB5098900A7A67D /* dome.obj in Resources */,
				5EE78DBC1CB4DCCC00A7A67D /* sphere.obj in Resources */,
				5EE78DD11CB5098900A7A67D /* per_pixel_vertex_shader.glsl in Resources */,
			);
			runOnlyForDeploymentPostprocessing = 0;
		};
/* End PBXResourcesBuildPhase section */

/* Begin PBXShellScriptBuildPhase section */
		4591FE47D19109C7C15A62E7 /* Check Pods Manifest.lock */ = {
			isa = PBXShellScriptBuildPhase;
			buildActionMask = 2147483647;
			files = (
			);
			inputPaths = (
			);
			name = "Check Pods Manifest.lock";
			outputPaths = (
			);
			runOnlyForDeploymentPostprocessing = 0;
			shellPath = /bin/sh;
			shellScript = "diff \"${PODS_ROOT}/../Podfile.lock\" \"${PODS_ROOT}/Manifest.lock\" > /dev/null\nif [[ $? != 0 ]] ; then\n    cat << EOM\nerror: The sandbox is not in sync with the Podfile.lock. Run 'pod install' or update your CocoaPods installation.\nEOM\n    exit 1\nfi\n";
			showEnvVarsInLog = 0;
		};
		56844440E1E1E8719EEDD840 /* Copy Pods Resources */ = {
			isa = PBXShellScriptBuildPhase;
			buildActionMask = 2147483647;
			files = (
			);
			inputPaths = (
			);
			name = "Copy Pods Resources";
			outputPaths = (
			);
			runOnlyForDeploymentPostprocessing = 0;
			shellPath = /bin/sh;
			shellScript = "\"${SRCROOT}/Pods/Target Support Files/Pods-MD360Player4IOS/Pods-MD360Player4IOS-resources.sh\"\n";
			showEnvVarsInLog = 0;
		};
		B78217EBB2C534C7E492F4FB /* Embed Pods Frameworks */ = {
			isa = PBXShellScriptBuildPhase;
			buildActionMask = 2147483647;
			files = (
			);
			inputPaths = (
			);
			name = "Embed Pods Frameworks";
			outputPaths = (
			);
			runOnlyForDeploymentPostprocessing = 0;
			shellPath = /bin/sh;
			shellScript = "\"${SRCROOT}/Pods/Target Support Files/Pods-MD360Player4IOS/Pods-MD360Player4IOS-frameworks.sh\"\n";
			showEnvVarsInLog = 0;
		};
/* End PBXShellScriptBuildPhase section */

/* Begin PBXSourcesBuildPhase section */
		5E0A0BAE1CA8146E005F08CC /* Sources */ = {
			isa = PBXSourcesBuildPhase;
			buildActionMask = 2147483647;
			files = (
				5E0386A31CBB82020087D7AC /* MDInteractiveStrategy.m in Sources */,
				5EE78DBF1CB4E04800A7A67D /* GLUtil.m in Sources */,
				5E0A0BBD1CA8146E005F08CC /* ViewController.m in Sources */,
				5EE78DE61CB743D000A7A67D /* MDGLKViewController.m in Sources */,
				5E0A0BBA1CA8146E005F08CC /* AppDelegate.m in Sources */,
				5EE78DD81CB6743600A7A67D /* MD360Renderer.m in Sources */,
				5E0386A01CBB7CB00087D7AC /* MDModeStrategy.m in Sources */,
				5EE78DC21CB4F2D400A7A67D /* MDAbsObject3D.m in Sources */,
				5E0A0BB71CA8146E005F08CC /* main.m in Sources */,
				5EE78E4A1CB93DE100A7A67D /* MDVideoDataAdatperAVPlayerImpl.m in Sources */,
				5EE78DC81CB5033200A7A67D /* MD360Program.m in Sources */,
				5EE78DE11CB6846A00A7A67D /* MDVRLibrary.m in Sources */,
				5EE78DDE1CB67E6800A7A67D /* MD360Director.m in Sources */,
				5EE78DDB1CB67C4000A7A67D /* MD360Texture.m in Sources */,
				5E0386A91CBBFA1C0087D7AC /* PlayerViewController.m in Sources */,
			);
			runOnlyForDeploymentPostprocessing = 0;
		};
/* End PBXSourcesBuildPhase section */

/* Begin PBXVariantGroup section */
		5E0A0BBE1CA8146E005F08CC /* Main.storyboard */ = {
			isa = PBXVariantGroup;
			children = (
				5E0A0BBF1CA8146E005F08CC /* Base */,
			);
			name = Main.storyboard;
			sourceTree = "<group>";
		};
		5E0A0BC31CA8146E005F08CC /* LaunchScreen.storyboard */ = {
			isa = PBXVariantGroup;
			children = (
				5E0A0BC41CA8146E005F08CC /* Base */,
			);
			name = LaunchScreen.storyboard;
			sourceTree = "<group>";
		};
/* End PBXVariantGroup section */

/* Begin XCBuildConfiguration section */
		5E0A0BC71CA8146E005F08CC /* Debug */ = {
			isa = XCBuildConfiguration;
			buildSettings = {
				ALWAYS_SEARCH_USER_PATHS = NO;
				CLANG_CXX_LANGUAGE_STANDARD = "gnu++0x";
				CLANG_CXX_LIBRARY = "libc++";
				CLANG_ENABLE_MODULES = YES;
				CLANG_ENABLE_OBJC_ARC = YES;
				CLANG_WARN_BOOL_CONVERSION = YES;
				CLANG_WARN_CONSTANT_CONVERSION = YES;
				CLANG_WARN_DIRECT_OBJC_ISA_USAGE = YES_ERROR;
				CLANG_WARN_EMPTY_BODY = YES;
				CLANG_WARN_ENUM_CONVERSION = YES;
				CLANG_WARN_INT_CONVERSION = YES;
				CLANG_WARN_OBJC_ROOT_CLASS = YES_ERROR;
				CLANG_WARN_UNREACHABLE_CODE = YES;
				CLANG_WARN__DUPLICATE_METHOD_MATCH = YES;
				"CODE_SIGN_IDENTITY[sdk=iphoneos*]" = "iPhone Developer";
				COPY_PHASE_STRIP = NO;
				DEBUG_INFORMATION_FORMAT = dwarf;
				ENABLE_STRICT_OBJC_MSGSEND = YES;
				ENABLE_TESTABILITY = YES;
				GCC_C_LANGUAGE_STANDARD = gnu99;
				GCC_DYNAMIC_NO_PIC = NO;
				GCC_NO_COMMON_BLOCKS = YES;
				GCC_OPTIMIZATION_LEVEL = 0;
				GCC_PREPROCESSOR_DEFINITIONS = (
					"DEBUG=1",
					"$(inherited)",
				);
				GCC_WARN_64_TO_32_BIT_CONVERSION = YES;
				GCC_WARN_ABOUT_RETURN_TYPE = YES_ERROR;
				GCC_WARN_UNDECLARED_SELECTOR = YES;
				GCC_WARN_UNINITIALIZED_AUTOS = YES_AGGRESSIVE;
				GCC_WARN_UNUSED_FUNCTION = YES;
				GCC_WARN_UNUSED_VARIABLE = YES;
				IPHONEOS_DEPLOYMENT_TARGET = 9.2;
				MTL_ENABLE_DEBUG_INFO = YES;
				ONLY_ACTIVE_ARCH = YES;
				SDKROOT = iphoneos;
			};
			name = Debug;
		};
		5E0A0BC81CA8146E005F08CC /* Release */ = {
			isa = XCBuildConfiguration;
			buildSettings = {
				ALWAYS_SEARCH_USER_PATHS = NO;
				CLANG_CXX_LANGUAGE_STANDARD = "gnu++0x";
				CLANG_CXX_LIBRARY = "libc++";
				CLANG_ENABLE_MODULES = YES;
				CLANG_ENABLE_OBJC_ARC = YES;
				CLANG_WARN_BOOL_CONVERSION = YES;
				CLANG_WARN_CONSTANT_CONVERSION = YES;
				CLANG_WARN_DIRECT_OBJC_ISA_USAGE = YES_ERROR;
				CLANG_WARN_EMPTY_BODY = YES;
				CLANG_WARN_ENUM_CONVERSION = YES;
				CLANG_WARN_INT_CONVERSION = YES;
				CLANG_WARN_OBJC_ROOT_CLASS = YES_ERROR;
				CLANG_WARN_UNREACHABLE_CODE = YES;
				CLANG_WARN__DUPLICATE_METHOD_MATCH = YES;
				"CODE_SIGN_IDENTITY[sdk=iphoneos*]" = "iPhone Developer";
				COPY_PHASE_STRIP = NO;
				DEBUG_INFORMATION_FORMAT = "dwarf-with-dsym";
				ENABLE_NS_ASSERTIONS = NO;
				ENABLE_STRICT_OBJC_MSGSEND = YES;
				GCC_C_LANGUAGE_STANDARD = gnu99;
				GCC_NO_COMMON_BLOCKS = YES;
				GCC_WARN_64_TO_32_BIT_CONVERSION = YES;
				GCC_WARN_ABOUT_RETURN_TYPE = YES_ERROR;
				GCC_WARN_UNDECLARED_SELECTOR = YES;
				GCC_WARN_UNINITIALIZED_AUTOS = YES_AGGRESSIVE;
				GCC_WARN_UNUSED_FUNCTION = YES;
				GCC_WARN_UNUSED_VARIABLE = YES;
				IPHONEOS_DEPLOYMENT_TARGET = 9.2;
				MTL_ENABLE_DEBUG_INFO = NO;
				SDKROOT = iphoneos;
				VALIDATE_PRODUCT = YES;
			};
			name = Release;
		};
		5E0A0BCA1CA8146E005F08CC /* Debug */ = {
			isa = XCBuildConfiguration;
			baseConfigurationReference = AE00CDC48AFE2C62A5056CF1 /* Pods-MD360Player4IOS.debug.xcconfig */;
			buildSettings = {
				ASSETCATALOG_COMPILER_APPICON_NAME = AppIcon;
				INFOPLIST_FILE = MD360Player4IOS/Info.plist;
				LD_RUNPATH_SEARCH_PATHS = "$(inherited) @executable_path/Frameworks";
				PRODUCT_BUNDLE_IDENTIFIER = moredoo.MD360Player4IOS;
				PRODUCT_NAME = "$(TARGET_NAME)";
			};
			name = Debug;
		};
		5E0A0BCB1CA8146E005F08CC /* Release */ = {
			isa = XCBuildConfiguration;
			baseConfigurationReference = D96329166DC1E78C93C8DEB0 /* Pods-MD360Player4IOS.release.xcconfig */;
			buildSettings = {
				ASSETCATALOG_COMPILER_APPICON_NAME = AppIcon;
				INFOPLIST_FILE = MD360Player4IOS/Info.plist;
				LD_RUNPATH_SEARCH_PATHS = "$(inherited) @executable_path/Frameworks";
				PRODUCT_BUNDLE_IDENTIFIER = moredoo.MD360Player4IOS;
				PRODUCT_NAME = "$(TARGET_NAME)";
			};
			name = Release;
		};
/* End XCBuildConfiguration section */

/* Begin XCConfigurationList section */
		5E0A0BAD1CA8146E005F08CC /* Build configuration list for PBXProject "MD360Player4IOS" */ = {
			isa = XCConfigurationList;
			buildConfigurations = (
				5E0A0BC71CA8146E005F08CC /* Debug */,
				5E0A0BC81CA8146E005F08CC /* Release */,
			);
			defaultConfigurationIsVisible = 0;
			defaultConfigurationName = Release;
		};
		5E0A0BC91CA8146E005F08CC /* Build configuration list for PBXNativeTarget "MD360Player4IOS" */ = {
			isa = XCConfigurationList;
			buildConfigurations = (
				5E0A0BCA1CA8146E005F08CC /* Debug */,
				5E0A0BCB1CA8146E005F08CC /* Release */,
			);
			defaultConfigurationIsVisible = 0;
			defaultConfigurationName = Release;
		};
/* End XCConfigurationList section */
	};
	rootObject = 5E0A0BAA1CA8146E005F08CC /* Project object */;
}
