// !$*UTF8*$!
{
	archiveVersion = 1;
	classes = {
	};
	objectVersion = 46;
	objects = {

/* Begin PBXBuildFile section */
		5E1EE6DB1CBEA56B004E0B79 /* MDVRLibrary.h in CopyFiles */ = {isa = PBXBuildFile; fileRef = 5E1EE6DA1CBEA56B004E0B79 /* MDVRLibrary.h */; };
		5E1EE6DD1CBEA56B004E0B79 /* MDVRLibrary.m in Sources */ = {isa = PBXBuildFile; fileRef = 5E1EE6DC1CBEA56B004E0B79 /* MDVRLibrary.m */; };
		5E1EE72F1CBEA5ED004E0B79 /* GLUtil.m in Sources */ = {isa = PBXBuildFile; fileRef = 5E1EE7141CBEA5ED004E0B79 /* GLUtil.m */; };
		5E1EE7301CBEA5ED004E0B79 /* MD360Director.m in Sources */ = {isa = PBXBuildFile; fileRef = 5E1EE7161CBEA5ED004E0B79 /* MD360Director.m */; };
		5E1EE7311CBEA5ED004E0B79 /* MD360Program.m in Sources */ = {isa = PBXBuildFile; fileRef = 5E1EE7181CBEA5ED004E0B79 /* MD360Program.m */; };
		5E1EE7321CBEA5ED004E0B79 /* MD360Renderer.m in Sources */ = {isa = PBXBuildFile; fileRef = 5E1EE71A1CBEA5ED004E0B79 /* MD360Renderer.m */; };
		5E1EE7331CBEA5ED004E0B79 /* MD360Texture.m in Sources */ = {isa = PBXBuildFile; fileRef = 5E1EE71C1CBEA5ED004E0B79 /* MD360Texture.m */; };
		5E1EE7341CBEA5ED004E0B79 /* MDAbsObject3D.m in Sources */ = {isa = PBXBuildFile; fileRef = 5E1EE71E1CBEA5ED004E0B79 /* MDAbsObject3D.m */; };
		5E1EE7351CBEA5ED004E0B79 /* MDDisplayStrategy.m in Sources */ = {isa = PBXBuildFile; fileRef = 5E1EE7201CBEA5ED004E0B79 /* MDDisplayStrategy.m */; };
		5E1EE7361CBEA5ED004E0B79 /* MDGLKViewController.m in Sources */ = {isa = PBXBuildFile; fileRef = 5E1EE7221CBEA5ED004E0B79 /* MDGLKViewController.m */; };
		5E1EE7371CBEA5ED004E0B79 /* MDInteractiveStrategy.m in Sources */ = {isa = PBXBuildFile; fileRef = 5E1EE7251CBEA5ED004E0B79 /* MDInteractiveStrategy.m */; };
		5E1EE7381CBEA5ED004E0B79 /* MDModeStrategy.m in Sources */ = {isa = PBXBuildFile; fileRef = 5E1EE7271CBEA5ED004E0B79 /* MDModeStrategy.m */; };
		5E1EE7391CBEA5ED004E0B79 /* MDVideoDataAdatperAVPlayerImpl.m in Sources */ = {isa = PBXBuildFile; fileRef = 5E1EE72A1CBEA5ED004E0B79 /* MDVideoDataAdatperAVPlayerImpl.m */; };
		5E1EE7441CBEA894004E0B79 /* vrlibraw.bundle in CopyFiles */ = {isa = PBXBuildFile; fileRef = 5E1EE7431CBEA832004E0B79 /* vrlibraw.bundle */; };
		5E2BBA711CE8BA5F00530898 /* MDTouchHelper.m in Sources */ = {isa = PBXBuildFile; fileRef = 5E2BBA701CE8BA5F00530898 /* MDTouchHelper.m */; };
		5E59F6381D242A6B002DADC9 /* MDSphere3D.m in Sources */ = {isa = PBXBuildFile; fileRef = 5E59F6371D242A6B002DADC9 /* MDSphere3D.m */; };
		5E59F63A1D242AFC002DADC9 /* MDStereoSphere3D.m in Sources */ = {isa = PBXBuildFile; fileRef = 5E59F6391D242AFC002DADC9 /* MDStereoSphere3D.m */; };
		5E6151C11D2768DD008DAD4E /* MDObject3DHelper.m in Sources */ = {isa = PBXBuildFile; fileRef = 5E6151C01D2768DD008DAD4E /* MDObject3DHelper.m */; };
		5E6151C31D277574008DAD4E /* MDDome3D.m in Sources */ = {isa = PBXBuildFile; fileRef = 5E6151C21D277574008DAD4E /* MDDome3D.m */; };
		5E6A43B81D369F1700E6BA74 /* MDRGBAProgram.m in Sources */ = {isa = PBXBuildFile; fileRef = 5E6A43B71D369F1700E6BA74 /* MDRGBAProgram.m */; };
		5E6A43BB1D36A8C900E6BA74 /* MDYUV420PProgram.m in Sources */ = {isa = PBXBuildFile; fileRef = 5E6A43BA1D36A8C900E6BA74 /* MDYUV420PProgram.m */; };
		5E6A43BE1D37657C00E6BA74 /* MDRGBAVideoTexture.m in Sources */ = {isa = PBXBuildFile; fileRef = 5E6A43BD1D37657C00E6BA74 /* MDRGBAVideoTexture.m */; };
		5E6A43C01D3765E700E6BA74 /* MDRGBABitmapTexture.m in Sources */ = {isa = PBXBuildFile; fileRef = 5E6A43BF1D3765E700E6BA74 /* MDRGBABitmapTexture.m */; };
		5E6A43C21D37666500E6BA74 /* MDYUV420PVideoTexture.m in Sources */ = {isa = PBXBuildFile; fileRef = 5E6A43C11D37666500E6BA74 /* MDYUV420PVideoTexture.m */; };
		5ECD55C41D229B5900C01046 /* MDProjectionStrategy.m in Sources */ = {isa = PBXBuildFile; fileRef = 5ECD55C31D229B5900C01046 /* MDProjectionStrategy.m */; };
		5EF561C01D44FDCB0023A3DF /* MDPlaneScaleCalculator.m in Sources */ = {isa = PBXBuildFile; fileRef = 5EF561BF1D44FDCB0023A3DF /* MDPlaneScaleCalculator.m */; };
		5EF561C21D44FFF60023A3DF /* MDPlane.m in Sources */ = {isa = PBXBuildFile; fileRef = 5EF561C11D44FFF60023A3DF /* MDPlane.m */; };
		5EF64E151D393D6F00F11A08 /* MDVideoFrameAdapter.m in Sources */ = {isa = PBXBuildFile; fileRef = 5EF64E141D393D6F00F11A08 /* MDVideoFrameAdapter.m */; };
		5EF64E171D39421800F11A08 /* MDIJKAdapter.m in Sources */ = {isa = PBXBuildFile; fileRef = 5EF64E161D39421800F11A08 /* MDIJKAdapter.m */; };
/* End PBXBuildFile section */

/* Begin PBXCopyFilesBuildPhase section */
		5E1EE6D51CBEA56B004E0B79 /* CopyFiles */ = {
			isa = PBXCopyFilesBuildPhase;
			buildActionMask = 2147483647;
			dstPath = "include/$(PRODUCT_NAME)";
			dstSubfolderSpec = 16;
			files = (
				5E1EE7441CBEA894004E0B79 /* vrlibraw.bundle in CopyFiles */,
				5E1EE6DB1CBEA56B004E0B79 /* MDVRLibrary.h in CopyFiles */,
			);
			runOnlyForDeploymentPostprocessing = 0;
		};
/* End PBXCopyFilesBuildPhase section */

/* Begin PBXFileReference section */
		5E18034B1D16FEEC00E579FD /* MDVRHeader.h */ = {isa = PBXFileReference; lastKnownFileType = sourcecode.c.h; path = MDVRHeader.h; sourceTree = "<group>"; };
		5E1EE6D71CBEA56B004E0B79 /* libMDVRLibrary.a */ = {isa = PBXFileReference; explicitFileType = archive.ar; includeInIndex = 0; path = libMDVRLibrary.a; sourceTree = BUILT_PRODUCTS_DIR; };
		5E1EE6DA1CBEA56B004E0B79 /* MDVRLibrary.h */ = {isa = PBXFileReference; lastKnownFileType = sourcecode.c.h; path = MDVRLibrary.h; sourceTree = "<group>"; };
		5E1EE6DC1CBEA56B004E0B79 /* MDVRLibrary.m */ = {isa = PBXFileReference; lastKnownFileType = sourcecode.c.objc; path = MDVRLibrary.m; sourceTree = "<group>"; };
		5E1EE7131CBEA5ED004E0B79 /* GLUtil.h */ = {isa = PBXFileReference; fileEncoding = 4; lastKnownFileType = sourcecode.c.h; path = GLUtil.h; sourceTree = "<group>"; };
		5E1EE7141CBEA5ED004E0B79 /* GLUtil.m */ = {isa = PBXFileReference; fileEncoding = 4; lastKnownFileType = sourcecode.c.objc; path = GLUtil.m; sourceTree = "<group>"; };
		5E1EE7151CBEA5ED004E0B79 /* MD360Director.h */ = {isa = PBXFileReference; fileEncoding = 4; lastKnownFileType = sourcecode.c.h; path = MD360Director.h; sourceTree = "<group>"; };
		5E1EE7161CBEA5ED004E0B79 /* MD360Director.m */ = {isa = PBXFileReference; fileEncoding = 4; lastKnownFileType = sourcecode.c.objc; path = MD360Director.m; sourceTree = "<group>"; };
		5E1EE7171CBEA5ED004E0B79 /* MD360Program.h */ = {isa = PBXFileReference; fileEncoding = 4; lastKnownFileType = sourcecode.c.h; path = MD360Program.h; sourceTree = "<group>"; };
		5E1EE7181CBEA5ED004E0B79 /* MD360Program.m */ = {isa = PBXFileReference; fileEncoding = 4; lastKnownFileType = sourcecode.c.objc; path = MD360Program.m; sourceTree = "<group>"; };
		5E1EE7191CBEA5ED004E0B79 /* MD360Renderer.h */ = {isa = PBXFileReference; fileEncoding = 4; lastKnownFileType = sourcecode.c.h; path = MD360Renderer.h; sourceTree = "<group>"; };
		5E1EE71A1CBEA5ED004E0B79 /* MD360Renderer.m */ = {isa = PBXFileReference; fileEncoding = 4; lastKnownFileType = sourcecode.c.objc; path = MD360Renderer.m; sourceTree = "<group>"; };
		5E1EE71B1CBEA5ED004E0B79 /* MD360Texture.h */ = {isa = PBXFileReference; fileEncoding = 4; lastKnownFileType = sourcecode.c.h; path = MD360Texture.h; sourceTree = "<group>"; };
		5E1EE71C1CBEA5ED004E0B79 /* MD360Texture.m */ = {isa = PBXFileReference; fileEncoding = 4; lastKnownFileType = sourcecode.c.objc; path = MD360Texture.m; sourceTree = "<group>"; };
		5E1EE71D1CBEA5ED004E0B79 /* MDAbsObject3D.h */ = {isa = PBXFileReference; fileEncoding = 4; lastKnownFileType = sourcecode.c.h; path = MDAbsObject3D.h; sourceTree = "<group>"; };
		5E1EE71E1CBEA5ED004E0B79 /* MDAbsObject3D.m */ = {isa = PBXFileReference; fileEncoding = 4; lastKnownFileType = sourcecode.c.objc; path = MDAbsObject3D.m; sourceTree = "<group>"; };
		5E1EE71F1CBEA5ED004E0B79 /* MDDisplayStrategy.h */ = {isa = PBXFileReference; fileEncoding = 4; lastKnownFileType = sourcecode.c.h; path = MDDisplayStrategy.h; sourceTree = "<group>"; };
		5E1EE7201CBEA5ED004E0B79 /* MDDisplayStrategy.m */ = {isa = PBXFileReference; fileEncoding = 4; lastKnownFileType = sourcecode.c.objc; path = MDDisplayStrategy.m; sourceTree = "<group>"; };
		5E1EE7211CBEA5ED004E0B79 /* MDGLKViewController.h */ = {isa = PBXFileReference; fileEncoding = 4; lastKnownFileType = sourcecode.c.h; path = MDGLKViewController.h; sourceTree = "<group>"; };
		5E1EE7221CBEA5ED004E0B79 /* MDGLKViewController.m */ = {isa = PBXFileReference; fileEncoding = 4; lastKnownFileType = sourcecode.c.objc; path = MDGLKViewController.m; sourceTree = "<group>"; };
		5E1EE7231CBEA5ED004E0B79 /* MDGLRendererDelegate.h */ = {isa = PBXFileReference; fileEncoding = 4; lastKnownFileType = sourcecode.c.h; path = MDGLRendererDelegate.h; sourceTree = "<group>"; };
		5E1EE7241CBEA5ED004E0B79 /* MDInteractiveStrategy.h */ = {isa = PBXFileReference; fileEncoding = 4; lastKnownFileType = sourcecode.c.h; path = MDInteractiveStrategy.h; sourceTree = "<group>"; };
		5E1EE7251CBEA5ED004E0B79 /* MDInteractiveStrategy.m */ = {isa = PBXFileReference; fileEncoding = 4; lastKnownFileType = sourcecode.c.objc; path = MDInteractiveStrategy.m; sourceTree = "<group>"; };
		5E1EE7261CBEA5ED004E0B79 /* MDModeStrategy.h */ = {isa = PBXFileReference; fileEncoding = 4; lastKnownFileType = sourcecode.c.h; path = MDModeStrategy.h; sourceTree = "<group>"; };
		5E1EE7271CBEA5ED004E0B79 /* MDModeStrategy.m */ = {isa = PBXFileReference; fileEncoding = 4; lastKnownFileType = sourcecode.c.objc; path = MDModeStrategy.m; sourceTree = "<group>"; };
		5E1EE7281CBEA5ED004E0B79 /* MDVideoDataAdapter.h */ = {isa = PBXFileReference; fileEncoding = 4; lastKnownFileType = sourcecode.c.h; path = MDVideoDataAdapter.h; sourceTree = "<group>"; };
		5E1EE7291CBEA5ED004E0B79 /* MDVideoDataAdatperAVPlayerImpl.h */ = {isa = PBXFileReference; fileEncoding = 4; lastKnownFileType = sourcecode.c.h; path = MDVideoDataAdatperAVPlayerImpl.h; sourceTree = "<group>"; };
		5E1EE72A1CBEA5ED004E0B79 /* MDVideoDataAdatperAVPlayerImpl.m */ = {isa = PBXFileReference; fileEncoding = 4; lastKnownFileType = sourcecode.c.objc; path = MDVideoDataAdatperAVPlayerImpl.m; sourceTree = "<group>"; };
		5E1EE7431CBEA832004E0B79 /* vrlibraw.bundle */ = {isa = PBXFileReference; lastKnownFileType = "wrapper.plug-in"; path = vrlibraw.bundle; sourceTree = "<group>"; };
		5E2BBA6F1CE8BA5F00530898 /* MDTouchHelper.h */ = {isa = PBXFileReference; fileEncoding = 4; lastKnownFileType = sourcecode.c.h; path = MDTouchHelper.h; sourceTree = "<group>"; };
		5E2BBA701CE8BA5F00530898 /* MDTouchHelper.m */ = {isa = PBXFileReference; fileEncoding = 4; lastKnownFileType = sourcecode.c.objc; path = MDTouchHelper.m; sourceTree = "<group>"; };
		5E59F6371D242A6B002DADC9 /* MDSphere3D.m */ = {isa = PBXFileReference; fileEncoding = 4; lastKnownFileType = sourcecode.c.objc; path = MDSphere3D.m; sourceTree = "<group>"; };
		5E59F6391D242AFC002DADC9 /* MDStereoSphere3D.m */ = {isa = PBXFileReference; fileEncoding = 4; lastKnownFileType = sourcecode.c.objc; path = MDStereoSphere3D.m; sourceTree = "<group>"; };
		5E6151BF1D2768DD008DAD4E /* MDObject3DHelper.h */ = {isa = PBXFileReference; fileEncoding = 4; lastKnownFileType = sourcecode.c.h; path = MDObject3DHelper.h; sourceTree = "<group>"; };
		5E6151C01D2768DD008DAD4E /* MDObject3DHelper.m */ = {isa = PBXFileReference; fileEncoding = 4; lastKnownFileType = sourcecode.c.objc; path = MDObject3DHelper.m; sourceTree = "<group>"; };
		5E6151C21D277574008DAD4E /* MDDome3D.m */ = {isa = PBXFileReference; fileEncoding = 4; lastKnownFileType = sourcecode.c.objc; path = MDDome3D.m; sourceTree = "<group>"; };
		5E6A43B71D369F1700E6BA74 /* MDRGBAProgram.m */ = {isa = PBXFileReference; fileEncoding = 4; lastKnownFileType = sourcecode.c.objc; path = MDRGBAProgram.m; sourceTree = "<group>"; };
		5E6A43BA1D36A8C900E6BA74 /* MDYUV420PProgram.m */ = {isa = PBXFileReference; fileEncoding = 4; lastKnownFileType = sourcecode.c.objc; path = MDYUV420PProgram.m; sourceTree = "<group>"; };
		5E6A43BD1D37657C00E6BA74 /* MDRGBAVideoTexture.m */ = {isa = PBXFileReference; fileEncoding = 4; lastKnownFileType = sourcecode.c.objc; path = MDRGBAVideoTexture.m; sourceTree = "<group>"; };
		5E6A43BF1D3765E700E6BA74 /* MDRGBABitmapTexture.m */ = {isa = PBXFileReference; fileEncoding = 4; lastKnownFileType = sourcecode.c.objc; path = MDRGBABitmapTexture.m; sourceTree = "<group>"; };
		5E6A43C11D37666500E6BA74 /* MDYUV420PVideoTexture.m */ = {isa = PBXFileReference; fileEncoding = 4; lastKnownFileType = sourcecode.c.objc; path = MDYUV420PVideoTexture.m; sourceTree = "<group>"; };
		5ECD55C21D229B5900C01046 /* MDProjectionStrategy.h */ = {isa = PBXFileReference; fileEncoding = 4; lastKnownFileType = sourcecode.c.h; path = MDProjectionStrategy.h; sourceTree = "<group>"; };
		5ECD55C31D229B5900C01046 /* MDProjectionStrategy.m */ = {isa = PBXFileReference; fileEncoding = 4; lastKnownFileType = sourcecode.c.objc; path = MDProjectionStrategy.m; sourceTree = "<group>"; };
		5EF561BE1D44FDCB0023A3DF /* MDPlaneScaleCalculator.h */ = {isa = PBXFileReference; fileEncoding = 4; lastKnownFileType = sourcecode.c.h; path = MDPlaneScaleCalculator.h; sourceTree = "<group>"; };
		5EF561BF1D44FDCB0023A3DF /* MDPlaneScaleCalculator.m */ = {isa = PBXFileReference; fileEncoding = 4; lastKnownFileType = sourcecode.c.objc; path = MDPlaneScaleCalculator.m; sourceTree = "<group>"; };
		5EF561C11D44FFF60023A3DF /* MDPlane.m */ = {isa = PBXFileReference; fileEncoding = 4; lastKnownFileType = sourcecode.c.objc; path = MDPlane.m; sourceTree = "<group>"; };
		5EF64E121D393C4E00F11A08 /* MDExt.h */ = {isa = PBXFileReference; fileEncoding = 4; lastKnownFileType = sourcecode.c.h; path = MDExt.h; sourceTree = "<group>"; };
		5EF64E141D393D6F00F11A08 /* MDVideoFrameAdapter.m */ = {isa = PBXFileReference; fileEncoding = 4; lastKnownFileType = sourcecode.c.objc; path = MDVideoFrameAdapter.m; sourceTree = "<group>"; };
		5EF64E161D39421800F11A08 /* MDIJKAdapter.m */ = {isa = PBXFileReference; fileEncoding = 4; lastKnownFileType = sourcecode.c.objc; path = MDIJKAdapter.m; sourceTree = "<group>"; };
/* End PBXFileReference section */

/* Begin PBXFrameworksBuildPhase section */
		5E1EE6D41CBEA56B004E0B79 /* Frameworks */ = {
			isa = PBXFrameworksBuildPhase;
			buildActionMask = 2147483647;
			files = (
			);
			runOnlyForDeploymentPostprocessing = 0;
		};
/* End PBXFrameworksBuildPhase section */

/* Begin PBXGroup section */
		5E1EE6CE1CBEA56B004E0B79 = {
			isa = PBXGroup;
			children = (
				5E1EE6D91CBEA56B004E0B79 /* MDVRLibrary */,
				5E1EE6D81CBEA56B004E0B79 /* Products */,
			);
			sourceTree = "<group>";
		};
		5E1EE6D81CBEA56B004E0B79 /* Products */ = {
			isa = PBXGroup;
			children = (
				5E1EE6D71CBEA56B004E0B79 /* libMDVRLibrary.a */,
			);
			name = Products;
			sourceTree = "<group>";
		};
		5E1EE6D91CBEA56B004E0B79 /* MDVRLibrary */ = {
			isa = PBXGroup;
			children = (
				5E1EE7431CBEA832004E0B79 /* vrlibraw.bundle */,
				5EF64E181D3944F400F11A08 /* videoadapter */,
				5E6A43BC1D37655100E6BA74 /* texture */,
				5E6A43B51D369ECC00E6BA74 /* program */,
				5E59F63B1D242EB5002DADC9 /* strategy */,
				5E59F6361D242A2D002DADC9 /* object3D */,
				5EF64E121D393C4E00F11A08 /* MDExt.h */,
				5E18034B1D16FEEC00E579FD /* MDVRHeader.h */,
				5E1EE6DA1CBEA56B004E0B79 /* MDVRLibrary.h */,
				5E1EE6DC1CBEA56B004E0B79 /* MDVRLibrary.m */,
				5E1EE7131CBEA5ED004E0B79 /* GLUtil.h */,
				5E1EE7141CBEA5ED004E0B79 /* GLUtil.m */,
				5E1EE7151CBEA5ED004E0B79 /* MD360Director.h */,
				5E1EE7161CBEA5ED004E0B79 /* MD360Director.m */,
				5E1EE7191CBEA5ED004E0B79 /* MD360Renderer.h */,
				5E1EE71A1CBEA5ED004E0B79 /* MD360Renderer.m */,
				5E1EE7211CBEA5ED004E0B79 /* MDGLKViewController.h */,
				5E1EE7221CBEA5ED004E0B79 /* MDGLKViewController.m */,
				5E1EE7231CBEA5ED004E0B79 /* MDGLRendererDelegate.h */,
				5E1EE7281CBEA5ED004E0B79 /* MDVideoDataAdapter.h */,
				5E2BBA6F1CE8BA5F00530898 /* MDTouchHelper.h */,
				5E2BBA701CE8BA5F00530898 /* MDTouchHelper.m */,
			);
			path = MDVRLibrary;
			sourceTree = "<group>";
		};
		5E59F6361D242A2D002DADC9 /* object3D */ = {
			isa = PBXGroup;
			children = (
				5E1EE71D1CBEA5ED004E0B79 /* MDAbsObject3D.h */,
				5E1EE71E1CBEA5ED004E0B79 /* MDAbsObject3D.m */,
				5E59F6371D242A6B002DADC9 /* MDSphere3D.m */,
				5E59F6391D242AFC002DADC9 /* MDStereoSphere3D.m */,
				5E6151C21D277574008DAD4E /* MDDome3D.m */,
				5EF561C11D44FFF60023A3DF /* MDPlane.m */,
				5E6151BF1D2768DD008DAD4E /* MDObject3DHelper.h */,
				5E6151C01D2768DD008DAD4E /* MDObject3DHelper.m */,
				5EF561BE1D44FDCB0023A3DF /* MDPlaneScaleCalculator.h */,
				5EF561BF1D44FDCB0023A3DF /* MDPlaneScaleCalculator.m */,
			);
			name = object3D;
			sourceTree = "<group>";
		};
		5E59F63B1D242EB5002DADC9 /* strategy */ = {
			isa = PBXGroup;
			children = (
				5E1EE7261CBEA5ED004E0B79 /* MDModeStrategy.h */,
				5E1EE7271CBEA5ED004E0B79 /* MDModeStrategy.m */,
				5E1EE7241CBEA5ED004E0B79 /* MDInteractiveStrategy.h */,
				5E1EE7251CBEA5ED004E0B79 /* MDInteractiveStrategy.m */,
				5E1EE71F1CBEA5ED004E0B79 /* MDDisplayStrategy.h */,
				5E1EE7201CBEA5ED004E0B79 /* MDDisplayStrategy.m */,
				5ECD55C21D229B5900C01046 /* MDProjectionStrategy.h */,
				5ECD55C31D229B5900C01046 /* MDProjectionStrategy.m */,
			);
			name = strategy;
			sourceTree = "<group>";
		};
		5E6A43B51D369ECC00E6BA74 /* program */ = {
			isa = PBXGroup;
			children = (
				5E1EE7171CBEA5ED004E0B79 /* MD360Program.h */,
				5E1EE7181CBEA5ED004E0B79 /* MD360Program.m */,
				5E6A43B71D369F1700E6BA74 /* MDRGBAProgram.m */,
				5E6A43BA1D36A8C900E6BA74 /* MDYUV420PProgram.m */,
			);
			name = program;
			sourceTree = "<group>";
		};
		5E6A43BC1D37655100E6BA74 /* texture */ = {
			isa = PBXGroup;
			children = (
				5E1EE71B1CBEA5ED004E0B79 /* MD360Texture.h */,
				5E1EE71C1CBEA5ED004E0B79 /* MD360Texture.m */,
				5E6A43BF1D3765E700E6BA74 /* MDRGBABitmapTexture.m */,
				5E6A43BD1D37657C00E6BA74 /* MDRGBAVideoTexture.m */,
				5E6A43C11D37666500E6BA74 /* MDYUV420PVideoTexture.m */,
			);
			name = texture;
			sourceTree = "<group>";
		};
		5EF64E181D3944F400F11A08 /* videoadapter */ = {
			isa = PBXGroup;
			children = (
				5E1EE7291CBEA5ED004E0B79 /* MDVideoDataAdatperAVPlayerImpl.h */,
				5E1EE72A1CBEA5ED004E0B79 /* MDVideoDataAdatperAVPlayerImpl.m */,
				5EF64E141D393D6F00F11A08 /* MDVideoFrameAdapter.m */,
				5EF64E161D39421800F11A08 /* MDIJKAdapter.m */,
			);
			name = videoadapter;
			sourceTree = "<group>";
		};
/* End PBXGroup section */

/* Begin PBXNativeTarget section */
		5E1EE6D61CBEA56B004E0B79 /* MDVRLibrary */ = {
			isa = PBXNativeTarget;
			buildConfigurationList = 5E1EE6E01CBEA56B004E0B79 /* Build configuration list for PBXNativeTarget "MDVRLibrary" */;
			buildPhases = (
				5E1EE6D31CBEA56B004E0B79 /* Sources */,
				5E1EE6D41CBEA56B004E0B79 /* Frameworks */,
				5E1EE6D51CBEA56B004E0B79 /* CopyFiles */,
			);
			buildRules = (
			);
			dependencies = (
			);
			name = MDVRLibrary;
			productName = MDVRLibrary;
			productReference = 5E1EE6D71CBEA56B004E0B79 /* libMDVRLibrary.a */;
			productType = "com.apple.product-type.library.static";
		};
/* End PBXNativeTarget section */

/* Begin PBXProject section */
		5E1EE6CF1CBEA56B004E0B79 /* Project object */ = {
			isa = PBXProject;
			attributes = {
				LastUpgradeCheck = 0720;
				ORGANIZATIONNAME = asha;
				TargetAttributes = {
					5E1EE6D61CBEA56B004E0B79 = {
						CreatedOnToolsVersion = 7.2.1;
					};
				};
			};
			buildConfigurationList = 5E1EE6D21CBEA56B004E0B79 /* Build configuration list for PBXProject "MDVRLibrary" */;
			compatibilityVersion = "Xcode 3.2";
			developmentRegion = English;
			hasScannedForEncodings = 0;
			knownRegions = (
				en,
			);
			mainGroup = 5E1EE6CE1CBEA56B004E0B79;
			productRefGroup = 5E1EE6D81CBEA56B004E0B79 /* Products */;
			projectDirPath = "";
			projectRoot = "";
			targets = (
				5E1EE6D61CBEA56B004E0B79 /* MDVRLibrary */,
			);
		};
/* End PBXProject section */

/* Begin PBXSourcesBuildPhase section */
		5E1EE6D31CBEA56B004E0B79 /* Sources */ = {
			isa = PBXSourcesBuildPhase;
			buildActionMask = 2147483647;
			files = (
				5E6A43BB1D36A8C900E6BA74 /* MDYUV420PProgram.m in Sources */,
				5E1EE7351CBEA5ED004E0B79 /* MDDisplayStrategy.m in Sources */,
				5E6A43B81D369F1700E6BA74 /* MDRGBAProgram.m in Sources */,
				5E1EE7331CBEA5ED004E0B79 /* MD360Texture.m in Sources */,
				5E6A43BE1D37657C00E6BA74 /* MDRGBAVideoTexture.m in Sources */,
				5E1EE72F1CBEA5ED004E0B79 /* GLUtil.m in Sources */,
				5E1EE7301CBEA5ED004E0B79 /* MD360Director.m in Sources */,
				5EF64E151D393D6F00F11A08 /* MDVideoFrameAdapter.m in Sources */,
				5E1EE7371CBEA5ED004E0B79 /* MDInteractiveStrategy.m in Sources */,
				5E1EE7381CBEA5ED004E0B79 /* MDModeStrategy.m in Sources */,
				5EF561C01D44FDCB0023A3DF /* MDPlaneScaleCalculator.m in Sources */,
				5E6A43C01D3765E700E6BA74 /* MDRGBABitmapTexture.m in Sources */,
				5E1EE7321CBEA5ED004E0B79 /* MD360Renderer.m in Sources */,
				5E1EE7361CBEA5ED004E0B79 /* MDGLKViewController.m in Sources */,
				5EF561C21D44FFF60023A3DF /* MDPlane.m in Sources */,
				5E1EE7391CBEA5ED004E0B79 /* MDVideoDataAdatperAVPlayerImpl.m in Sources */,
				5E6A43C21D37666500E6BA74 /* MDYUV420PVideoTexture.m in Sources */,
				5E6151C11D2768DD008DAD4E /* MDObject3DHelper.m in Sources */,
				5EF64E171D39421800F11A08 /* MDIJKAdapter.m in Sources */,
				5E1EE6DD1CBEA56B004E0B79 /* MDVRLibrary.m in Sources */,
				5E1EE7341CBEA5ED004E0B79 /* MDAbsObject3D.m in Sources */,
				5E6151C31D277574008DAD4E /* MDDome3D.m in Sources */,
				5E1EE7311CBEA5ED004E0B79 /* MD360Program.m in Sources */,
				5ECD55C41D229B5900C01046 /* MDProjectionStrategy.m in Sources */,
				5E2BBA711CE8BA5F00530898 /* MDTouchHelper.m in Sources */,
				5E59F63A1D242AFC002DADC9 /* MDStereoSphere3D.m in Sources */,
				5E59F6381D242A6B002DADC9 /* MDSphere3D.m in Sources */,
			);
			runOnlyForDeploymentPostprocessing = 0;
		};
/* End PBXSourcesBuildPhase section */

/* Begin XCBuildConfiguration section */
		5E1EE6DE1CBEA56B004E0B79 /* Debug */ = {
			isa = XCBuildConfiguration;
			buildSettings = {
				ALWAYS_SEARCH_USER_PATHS = NO;
				CLANG_CXX_LANGUAGE_STANDARD = "gnu++0x";
				CLANG_CXX_LIBRARY = "libc++";
				CLANG_ENABLE_MODULES = YES;
				CLANG_ENABLE_OBJC_ARC = YES;
				CLANG_WARN_BOOL_CONVERSION = YES;
				CLANG_WARN_CONSTANT_CONVERSION = YES;
				CLANG_WARN_DIRECT_OBJC_ISA_USAGE = YES_ERROR;
				CLANG_WARN_EMPTY_BODY = YES;
				CLANG_WARN_ENUM_CONVERSION = YES;
				CLANG_WARN_INT_CONVERSION = YES;
				CLANG_WARN_OBJC_ROOT_CLASS = YES_ERROR;
				CLANG_WARN_UNREACHABLE_CODE = YES;
				CLANG_WARN__DUPLICATE_METHOD_MATCH = YES;
				"CODE_SIGN_IDENTITY[sdk=iphoneos*]" = "iPhone Developer";
				COPY_PHASE_STRIP = NO;
				DEBUG_INFORMATION_FORMAT = dwarf;
				ENABLE_STRICT_OBJC_MSGSEND = YES;
				ENABLE_TESTABILITY = YES;
				GCC_C_LANGUAGE_STANDARD = gnu99;
				GCC_DYNAMIC_NO_PIC = NO;
				GCC_NO_COMMON_BLOCKS = YES;
				GCC_OPTIMIZATION_LEVEL = 0;
				GCC_PREPROCESSOR_DEFINITIONS = (
					"DEBUG=1",
					"$(inherited)",
				);
				GCC_WARN_64_TO_32_BIT_CONVERSION = YES;
				GCC_WARN_ABOUT_RETURN_TYPE = YES_ERROR;
				GCC_WARN_UNDECLARED_SELECTOR = YES;
				GCC_WARN_UNINITIALIZED_AUTOS = YES_AGGRESSIVE;
				GCC_WARN_UNUSED_FUNCTION = YES;
				GCC_WARN_UNUSED_VARIABLE = YES;
				IPHONEOS_DEPLOYMENT_TARGET = 9.2;
				MTL_ENABLE_DEBUG_INFO = YES;
				ONLY_ACTIVE_ARCH = YES;
				SDKROOT = iphoneos;
			};
			name = Debug;
		};
		5E1EE6DF1CBEA56B004E0B79 /* Release */ = {
			isa = XCBuildConfiguration;
			buildSettings = {
				ALWAYS_SEARCH_USER_PATHS = NO;
				CLANG_CXX_LANGUAGE_STANDARD = "gnu++0x";
				CLANG_CXX_LIBRARY = "libc++";
				CLANG_ENABLE_MODULES = YES;
				CLANG_ENABLE_OBJC_ARC = YES;
				CLANG_WARN_BOOL_CONVERSION = YES;
				CLANG_WARN_CONSTANT_CONVERSION = YES;
				CLANG_WARN_DIRECT_OBJC_ISA_USAGE = YES_ERROR;
				CLANG_WARN_EMPTY_BODY = YES;
				CLANG_WARN_ENUM_CONVERSION = YES;
				CLANG_WARN_INT_CONVERSION = YES;
				CLANG_WARN_OBJC_ROOT_CLASS = YES_ERROR;
				CLANG_WARN_UNREACHABLE_CODE = YES;
				CLANG_WARN__DUPLICATE_METHOD_MATCH = YES;
				"CODE_SIGN_IDENTITY[sdk=iphoneos*]" = "iPhone Developer";
				COPY_PHASE_STRIP = NO;
				DEBUG_INFORMATION_FORMAT = "dwarf-with-dsym";
				ENABLE_NS_ASSERTIONS = NO;
				ENABLE_STRICT_OBJC_MSGSEND = YES;
				GCC_C_LANGUAGE_STANDARD = gnu99;
				GCC_NO_COMMON_BLOCKS = YES;
				GCC_WARN_64_TO_32_BIT_CONVERSION = YES;
				GCC_WARN_ABOUT_RETURN_TYPE = YES_ERROR;
				GCC_WARN_UNDECLARED_SELECTOR = YES;
				GCC_WARN_UNINITIALIZED_AUTOS = YES_AGGRESSIVE;
				GCC_WARN_UNUSED_FUNCTION = YES;
				GCC_WARN_UNUSED_VARIABLE = YES;
				IPHONEOS_DEPLOYMENT_TARGET = 9.2;
				MTL_ENABLE_DEBUG_INFO = NO;
				SDKROOT = iphoneos;
				VALIDATE_PRODUCT = YES;
			};
			name = Release;
		};
		5E1EE6E11CBEA56B004E0B79 /* Debug */ = {
			isa = XCBuildConfiguration;
			buildSettings = {
				OTHER_LDFLAGS = "-ObjC";
				PRODUCT_NAME = "$(TARGET_NAME)";
				SKIP_INSTALL = YES;
				VALID_ARCHS = "arm64 armv7 armv7s";
			};
			name = Debug;
		};
		5E1EE6E21CBEA56B004E0B79 /* Release */ = {
			isa = XCBuildConfiguration;
			buildSettings = {
				OTHER_LDFLAGS = "-ObjC";
				PRODUCT_NAME = "$(TARGET_NAME)";
				SKIP_INSTALL = YES;
				VALID_ARCHS = "arm64 armv7 armv7s";
			};
			name = Release;
		};
/* End XCBuildConfiguration section */

/* Begin XCConfigurationList section */
		5E1EE6D21CBEA56B004E0B79 /* Build configuration list for PBXProject "MDVRLibrary" */ = {
			isa = XCConfigurationList;
			buildConfigurations = (
				5E1EE6DE1CBEA56B004E0B79 /* Debug */,
				5E1EE6DF1CBEA56B004E0B79 /* Release */,
			);
			defaultConfigurationIsVisible = 0;
			defaultConfigurationName = Release;
		};
		5E1EE6E01CBEA56B004E0B79 /* Build configuration list for PBXNativeTarget "MDVRLibrary" */ = {
			isa = XCConfigurationList;
			buildConfigurations = (
				5E1EE6E11CBEA56B004E0B79 /* Debug */,
				5E1EE6E21CBEA56B004E0B79 /* Release */,
			);
			defaultConfigurationIsVisible = 0;
			defaultConfigurationName = Release;
		};
/* End XCConfigurationList section */
	};
	rootObject = 5E1EE6CF1CBEA56B004E0B79 /* Project object */;
}
